
Microsoft Visual Studio Solution File, Format Version 12.00
# Visual Studio Version 17
VisualStudioVersion = 17.2.32317.152
MinimumVisualStudioVersion = 10.0.40219.1
Project("{2150E333-8FDC-42A3-9474-1A3956D46DE8}") = "Solution Items", "Solution Items", "{F3D51E3B-CE68-414B-B50D-244E36E68DCD}"
	ProjectSection(SolutionItems) = preProject
		..\.editorconfig = ..\.editorconfig
	EndProjectSection
EndProject
Project("{2150E333-8FDC-42A3-9474-1A3956D46DE8}") = "Chapter01", "Chapter01", "{6C952ED6-3062-4CF5-B037-76233E7BA729}"
EndProject
Project("{2150E333-8FDC-42A3-9474-1A3956D46DE8}") = "Chapter02", "Chapter02", "{93D3EE56-73B5-417B-A327-25B55A1593CA}"
EndProject
Project("{2150E333-8FDC-42A3-9474-1A3956D46DE8}") = "Chapter03", "Chapter03", "{DE7982F6-68E0-4896-8E74-82A6090FDF71}"
EndProject
Project("{9A19103F-16F7-4668-BE54-9A1E7A4F7556}") = "Novice", "Chapter01\Novice\Novice.csproj", "{C86403F3-A36C-4146-A78C-25500568004A}"
EndProject
Project("{9A19103F-16F7-4668-BE54-9A1E7A4F7556}") = "NoviceTests", "Chapter01\NoviceTests\NoviceTests.csproj", "{D7F1CA98-38D3-4A9E-8E17-6CAA2C5C2243}"
EndProject
Project("{9A19103F-16F7-4668-BE54-9A1E7A4F7556}") = "ReferenceApp", "Chapter02\Reference\ReferenceApp.csproj", "{131503A9-105F-4CB5-8EE9-0F1DF5E37442}"
EndProject
Project("{9A19103F-16F7-4668-BE54-9A1E7A4F7556}") = "ReferenceTests", "Chapter02\ReferenceTests\ReferenceTests.csproj", "{A6D4C056-06AC-4DD0-B117-5C7375FFA932}"
EndProject
Project("{9A19103F-16F7-4668-BE54-9A1E7A4F7556}") = "Speed2", "Chapter03\Speed2\Speed2.csproj", "{E32489F3-5446-41AA-AB2A-CD8FC865968F}"
EndProject
Project("{9A19103F-16F7-4668-BE54-9A1E7A4F7556}") = "Speed1", "Chapter03\Speed1\Speed1.csproj", "{9FA9D374-8CDE-437A-986B-076CB740B13C}"
EndProject
Project("{9A19103F-16F7-4668-BE54-9A1E7A4F7556}") = "Speed1Tests", "Chapter03\Speed1Tests\Speed1Tests.csproj", "{9B836DF2-200A-47B2-A7AA-61DAA31F0287}"
EndProject
Project("{9A19103F-16F7-4668-BE54-9A1E7A4F7556}") = "Speed2Tests", "Chapter03\Speed2Tests\Speed2Tests.csproj", "{2D857FB2-D355-4C8F-9643-504D7353CE1F}"
EndProject
Project("{9A19103F-16F7-4668-BE54-9A1E7A4F7556}") = "Speed3Tests", "Chapter03\Speed3Tests\Speed3Tests.csproj", "{5246AED8-28D2-489F-9E1C-77C625BAD99A}"
EndProject
Project("{9A19103F-16F7-4668-BE54-9A1E7A4F7556}") = "Speed3", "Chapter03\Speed3\Speed3.csproj", "{53A753D1-4861-4F54-8041-2522E4BB495E}"
EndProject
Project("{9A19103F-16F7-4668-BE54-9A1E7A4F7556}") = "ReferenceLib", "Chapter02\ReferenceLib\ReferenceLib.csproj", "{CC851D25-2FF4-414C-9A82-9EB9225346BA}"
EndProject
Project("{FAE04EC0-301F-11D3-BF4B-00C04F79EFBC}") = "Experiment1", "Chapter03\Experiment1\Experiment1.csproj", "{56B4D2C3-8FE7-4B6E-B031-4793EA9C09F6}"
EndProject
Project("{FAE04EC0-301F-11D3-BF4B-00C04F79EFBC}") = "Experiment2", "Chapter03\Experiment2\Experiment2.csproj", "{2E76232E-5FED-45A9-924D-58D04E161F32}"
EndProject
Project("{9A19103F-16F7-4668-BE54-9A1E7A4F7556}") = "IntStatsLib", "Chapter03\IntStats\IntStatsLib.csproj", "{6C76B765-2A59-41C5-B0B8-10FA83506ACF}"
EndProject
Project("{FAE04EC0-301F-11D3-BF4B-00C04F79EFBC}") = "IntStatsTests", "Chapter03\IntStatsTests\IntStatsTests.csproj", "{3BA21854-CB0F-4FB3-A8D9-020DC175CA9D}"
EndProject
Project("{FAE04EC0-301F-11D3-BF4B-00C04F79EFBC}") = "Exercise3Lib", "Chapter03\Exercise3Lib\Exercise3Lib.csproj", "{14C16F5D-F19B-4467-B873-51A19D101538}"
EndProject
Project("{FAE04EC0-301F-11D3-BF4B-00C04F79EFBC}") = "Exercise3Tests", "Exercise3Tests\Exercise3Tests.csproj", "{E6D541A0-F5BC-4DBD-84ED-750BF531A3B4}"
EndProject
Global
	GlobalSection(SolutionConfigurationPlatforms) = preSolution
		Debug|Any CPU = Debug|Any CPU
		Release|Any CPU = Release|Any CPU
	EndGlobalSection
	GlobalSection(ProjectConfigurationPlatforms) = postSolution
		{C86403F3-A36C-4146-A78C-25500568004A}.Debug|Any CPU.ActiveCfg = Debug|Any CPU
		{C86403F3-A36C-4146-A78C-25500568004A}.Debug|Any CPU.Build.0 = Debug|Any CPU
		{C86403F3-A36C-4146-A78C-25500568004A}.Release|Any CPU.ActiveCfg = Release|Any CPU
		{C86403F3-A36C-4146-A78C-25500568004A}.Release|Any CPU.Build.0 = Release|Any CPU
		{D7F1CA98-38D3-4A9E-8E17-6CAA2C5C2243}.Debug|Any CPU.ActiveCfg = Debug|Any CPU
		{D7F1CA98-38D3-4A9E-8E17-6CAA2C5C2243}.Debug|Any CPU.Build.0 = Debug|Any CPU
		{D7F1CA98-38D3-4A9E-8E17-6CAA2C5C2243}.Release|Any CPU.ActiveCfg = Release|Any CPU
		{D7F1CA98-38D3-4A9E-8E17-6CAA2C5C2243}.Release|Any CPU.Build.0 = Release|Any CPU
		{131503A9-105F-4CB5-8EE9-0F1DF5E37442}.Debug|Any CPU.ActiveCfg = Debug|Any CPU
		{131503A9-105F-4CB5-8EE9-0F1DF5E37442}.Debug|Any CPU.Build.0 = Debug|Any CPU
		{131503A9-105F-4CB5-8EE9-0F1DF5E37442}.Release|Any CPU.ActiveCfg = Release|Any CPU
		{131503A9-105F-4CB5-8EE9-0F1DF5E37442}.Release|Any CPU.Build.0 = Release|Any CPU
		{A6D4C056-06AC-4DD0-B117-5C7375FFA932}.Debug|Any CPU.ActiveCfg = Debug|Any CPU
		{A6D4C056-06AC-4DD0-B117-5C7375FFA932}.Debug|Any CPU.Build.0 = Debug|Any CPU
		{A6D4C056-06AC-4DD0-B117-5C7375FFA932}.Release|Any CPU.ActiveCfg = Release|Any CPU
		{A6D4C056-06AC-4DD0-B117-5C7375FFA932}.Release|Any CPU.Build.0 = Release|Any CPU
		{E32489F3-5446-41AA-AB2A-CD8FC865968F}.Debug|Any CPU.ActiveCfg = Debug|Any CPU
		{E32489F3-5446-41AA-AB2A-CD8FC865968F}.Debug|Any CPU.Build.0 = Debug|Any CPU
		{E32489F3-5446-41AA-AB2A-CD8FC865968F}.Release|Any CPU.ActiveCfg = Release|Any CPU
		{E32489F3-5446-41AA-AB2A-CD8FC865968F}.Release|Any CPU.Build.0 = Release|Any CPU
		{9FA9D374-8CDE-437A-986B-076CB740B13C}.Debug|Any CPU.ActiveCfg = Debug|Any CPU
		{9FA9D374-8CDE-437A-986B-076CB740B13C}.Debug|Any CPU.Build.0 = Debug|Any CPU
		{9FA9D374-8CDE-437A-986B-076CB740B13C}.Release|Any CPU.ActiveCfg = Release|Any CPU
		{9FA9D374-8CDE-437A-986B-076CB740B13C}.Release|Any CPU.Build.0 = Release|Any CPU
		{9B836DF2-200A-47B2-A7AA-61DAA31F0287}.Debug|Any CPU.ActiveCfg = Debug|Any CPU
		{9B836DF2-200A-47B2-A7AA-61DAA31F0287}.Debug|Any CPU.Build.0 = Debug|Any CPU
		{9B836DF2-200A-47B2-A7AA-61DAA31F0287}.Release|Any CPU.ActiveCfg = Release|Any CPU
		{9B836DF2-200A-47B2-A7AA-61DAA31F0287}.Release|Any CPU.Build.0 = Release|Any CPU
		{2D857FB2-D355-4C8F-9643-504D7353CE1F}.Debug|Any CPU.ActiveCfg = Debug|Any CPU
		{2D857FB2-D355-4C8F-9643-504D7353CE1F}.Debug|Any CPU.Build.0 = Debug|Any CPU
		{2D857FB2-D355-4C8F-9643-504D7353CE1F}.Release|Any CPU.ActiveCfg = Release|Any CPU
		{2D857FB2-D355-4C8F-9643-504D7353CE1F}.Release|Any CPU.Build.0 = Release|Any CPU
		{5246AED8-28D2-489F-9E1C-77C625BAD99A}.Debug|Any CPU.ActiveCfg = Debug|Any CPU
		{5246AED8-28D2-489F-9E1C-77C625BAD99A}.Debug|Any CPU.Build.0 = Debug|Any CPU
		{5246AED8-28D2-489F-9E1C-77C625BAD99A}.Release|Any CPU.ActiveCfg = Release|Any CPU
		{5246AED8-28D2-489F-9E1C-77C625BAD99A}.Release|Any CPU.Build.0 = Release|Any CPU
		{53A753D1-4861-4F54-8041-2522E4BB495E}.Debug|Any CPU.ActiveCfg = Debug|Any CPU
		{53A753D1-4861-4F54-8041-2522E4BB495E}.Debug|Any CPU.Build.0 = Debug|Any CPU
		{53A753D1-4861-4F54-8041-2522E4BB495E}.Release|Any CPU.ActiveCfg = Release|Any CPU
		{53A753D1-4861-4F54-8041-2522E4BB495E}.Release|Any CPU.Build.0 = Release|Any CPU
		{CC851D25-2FF4-414C-9A82-9EB9225346BA}.Debug|Any CPU.ActiveCfg = Debug|Any CPU
		{CC851D25-2FF4-414C-9A82-9EB9225346BA}.Debug|Any CPU.Build.0 = Debug|Any CPU
		{CC851D25-2FF4-414C-9A82-9EB9225346BA}.Release|Any CPU.ActiveCfg = Release|Any CPU
		{CC851D25-2FF4-414C-9A82-9EB9225346BA}.Release|Any CPU.Build.0 = Release|Any CPU
		{56B4D2C3-8FE7-4B6E-B031-4793EA9C09F6}.Debug|Any CPU.ActiveCfg = Debug|Any CPU
		{56B4D2C3-8FE7-4B6E-B031-4793EA9C09F6}.Debug|Any CPU.Build.0 = Debug|Any CPU
		{56B4D2C3-8FE7-4B6E-B031-4793EA9C09F6}.Release|Any CPU.ActiveCfg = Release|Any CPU
		{56B4D2C3-8FE7-4B6E-B031-4793EA9C09F6}.Release|Any CPU.Build.0 = Release|Any CPU
		{2E76232E-5FED-45A9-924D-58D04E161F32}.Debug|Any CPU.ActiveCfg = Debug|Any CPU
		{2E76232E-5FED-45A9-924D-58D04E161F32}.Debug|Any CPU.Build.0 = Debug|Any CPU
		{2E76232E-5FED-45A9-924D-58D04E161F32}.Release|Any CPU.ActiveCfg = Release|Any CPU
		{2E76232E-5FED-45A9-924D-58D04E161F32}.Release|Any CPU.Build.0 = Release|Any CPU
		{6C76B765-2A59-41C5-B0B8-10FA83506ACF}.Debug|Any CPU.ActiveCfg = Debug|Any CPU
		{6C76B765-2A59-41C5-B0B8-10FA83506ACF}.Debug|Any CPU.Build.0 = Debug|Any CPU
		{6C76B765-2A59-41C5-B0B8-10FA83506ACF}.Release|Any CPU.ActiveCfg = Release|Any CPU
		{6C76B765-2A59-41C5-B0B8-10FA83506ACF}.Release|Any CPU.Build.0 = Release|Any CPU
		{3BA21854-CB0F-4FB3-A8D9-020DC175CA9D}.Debug|Any CPU.ActiveCfg = Debug|Any CPU
		{3BA21854-CB0F-4FB3-A8D9-020DC175CA9D}.Debug|Any CPU.Build.0 = Debug|Any CPU
		{3BA21854-CB0F-4FB3-A8D9-020DC175CA9D}.Release|Any CPU.ActiveCfg = Release|Any CPU
		{3BA21854-CB0F-4FB3-A8D9-020DC175CA9D}.Release|Any CPU.Build.0 = Release|Any CPU
		{14C16F5D-F19B-4467-B873-51A19D101538}.Debug|Any CPU.ActiveCfg = Debug|Any CPU
		{14C16F5D-F19B-4467-B873-51A19D101538}.Debug|Any CPU.Build.0 = Debug|Any CPU
		{14C16F5D-F19B-4467-B873-51A19D101538}.Release|Any CPU.ActiveCfg = Release|Any CPU
		{14C16F5D-F19B-4467-B873-51A19D101538}.Release|Any CPU.Build.0 = Release|Any CPU
		{E6D541A0-F5BC-4DBD-84ED-750BF531A3B4}.Debug|Any CPU.ActiveCfg = Debug|Any CPU
		{E6D541A0-F5BC-4DBD-84ED-750BF531A3B4}.Debug|Any CPU.Build.0 = Debug|Any CPU
		{E6D541A0-F5BC-4DBD-84ED-750BF531A3B4}.Release|Any CPU.ActiveCfg = Release|Any CPU
		{E6D541A0-F5BC-4DBD-84ED-750BF531A3B4}.Release|Any CPU.Build.0 = Release|Any CPU
	EndGlobalSection
	GlobalSection(SolutionProperties) = preSolution
		HideSolutionNode = FALSE
	EndGlobalSection
	GlobalSection(NestedProjects) = preSolution
		{C86403F3-A36C-4146-A78C-25500568004A} = {6C952ED6-3062-4CF5-B037-76233E7BA729}
		{D7F1CA98-38D3-4A9E-8E17-6CAA2C5C2243} = {6C952ED6-3062-4CF5-B037-76233E7BA729}
		{131503A9-105F-4CB5-8EE9-0F1DF5E37442} = {93D3EE56-73B5-417B-A327-25B55A1593CA}
		{A6D4C056-06AC-4DD0-B117-5C7375FFA932} = {93D3EE56-73B5-417B-A327-25B55A1593CA}
		{E32489F3-5446-41AA-AB2A-CD8FC865968F} = {DE7982F6-68E0-4896-8E74-82A6090FDF71}
		{9FA9D374-8CDE-437A-986B-076CB740B13C} = {DE7982F6-68E0-4896-8E74-82A6090FDF71}
		{9B836DF2-200A-47B2-A7AA-61DAA31F0287} = {DE7982F6-68E0-4896-8E74-82A6090FDF71}
		{2D857FB2-D355-4C8F-9643-504D7353CE1F} = {DE7982F6-68E0-4896-8E74-82A6090FDF71}
		{5246AED8-28D2-489F-9E1C-77C625BAD99A} = {DE7982F6-68E0-4896-8E74-82A6090FDF71}
		{53A753D1-4861-4F54-8041-2522E4BB495E} = {DE7982F6-68E0-4896-8E74-82A6090FDF71}
		{CC851D25-2FF4-414C-9A82-9EB9225346BA} = {93D3EE56-73B5-417B-A327-25B55A1593CA}
		{56B4D2C3-8FE7-4B6E-B031-4793EA9C09F6} = {DE7982F6-68E0-4896-8E74-82A6090FDF71}
		{2E76232E-5FED-45A9-924D-58D04E161F32} = {DE7982F6-68E0-4896-8E74-82A6090FDF71}
		{6C76B765-2A59-41C5-B0B8-10FA83506ACF} = {DE7982F6-68E0-4896-8E74-82A6090FDF71}
		{3BA21854-CB0F-4FB3-A8D9-020DC175CA9D} = {DE7982F6-68E0-4896-8E74-82A6090FDF71}
		{14C16F5D-F19B-4467-B873-51A19D101538} = {DE7982F6-68E0-4896-8E74-82A6090FDF71}
		{E6D541A0-F5BC-4DBD-84ED-750BF531A3B4} = {DE7982F6-68E0-4896-8E74-82A6090FDF71}
	EndGlobalSection
	GlobalSection(ExtensibilityGlobals) = postSolution
		SolutionGuid = {CE450091-81C2-4A5C-A9AC-F21B15BF900E}
	EndGlobalSection
EndGlobal
